
Microsoft Visual Studio Solution File, Format Version 12.00
# Visual Studio 15
VisualStudioVersion = 15.0.27428.2015
MinimumVisualStudioVersion = 10.0.40219.1
Project("{FAE04EC0-301F-11D3-BF4B-00C04F79EFBC}") = "PowerControl", "PowerControl\PowerControl.csproj", "{EC7656F3-D83B-44B6-9097-556BE7FE6876}"
EndProject
Project("{FAE04EC0-301F-11D3-BF4B-00C04F79EFBC}") = "ControlTest", "ControlTest\ControlTest.csproj", "{37E4335E-ED5C-44D1-B237-9ADC17C82825}"
EndProject
Global
	GlobalSection(SolutionConfigurationPlatforms) = preSolution
		Debug|Any CPU = Debug|Any CPU
		Release|Any CPU = Release|Any CPU
	EndGlobalSection
	GlobalSection(ProjectConfigurationPlatforms) = postSolution
		{EC7656F3-D83B-44B6-9097-556BE7FE6876}.Debug|Any CPU.ActiveCfg = Debug|Any CPU
		{EC7656F3-D83B-44B6-9097-556BE7FE6876}.Debug|Any CPU.Build.0 = Debug|Any CPU
		{EC7656F3-D83B-44B6-9097-556BE7FE6876}.Release|Any CPU.ActiveCfg = Release|Any CPU
		{EC7656F3-D83B-44B6-9097-556BE7FE6876}.Release|Any CPU.Build.0 = Release|Any CPU
		{37E4335E-ED5C-44D1-B237-9ADC17C82825}.Debug|Any CPU.ActiveCfg = Debug|Any CPU
		{37E4335E-ED5C-44D1-B237-9ADC17C82825}.Debug|Any CPU.Build.0 = Debug|Any CPU
		{37E4335E-ED5C-44D1-B237-9ADC17C82825}.Release|Any CPU.ActiveCfg = Release|Any CPU
		{37E4335E-ED5C-44D1-B237-9ADC17C82825}.Release|Any CPU.Build.0 = Release|Any CPU
	EndGlobalSection
	GlobalSection(SolutionProperties) = preSolution
		HideSolutionNode = FALSE
	EndGlobalSection
	GlobalSection(ExtensibilityGlobals) = postSolution
		SolutionGuid = {C315F79F-3AED-4CF3-98A9-EF8152D7BDBE}
	EndGlobalSection
EndGlobal
