
Microsoft Visual Studio Solution File, Format Version 12.00
# Visual Studio Version 16
VisualStudioVersion = 16.0.31424.327
MinimumVisualStudioVersion = 10.0.40219.1
Project("{FAE04EC0-301F-11D3-BF4B-00C04F79EFBC}") = "PowerLib.Winform", "PowerLib.Winform\PowerLib.Winform.csproj", "{20238D73-872F-40D6-8588-A048CCF481F2}"
EndProject
Project("{FAE04EC0-301F-11D3-BF4B-00C04F79EFBC}") = "PowerLib.Winform.Demo", "PowerLib.Winform.Demo\PowerLib.Winform.Demo.csproj", "{AA441FFF-A105-4D9B-9E06-D299DB57899F}"
EndProject
Project("{FAE04EC0-301F-11D3-BF4B-00C04F79EFBC}") = "PowerLib", "PowerLib\PowerLib.csproj", "{2CC1D69C-9237-471B-807F-54B0DFEBD423}"
EndProject
Global
	GlobalSection(SolutionConfigurationPlatforms) = preSolution
		Debug|Any CPU = Debug|Any CPU
		Release|Any CPU = Release|Any CPU
	EndGlobalSection
	GlobalSection(ProjectConfigurationPlatforms) = postSolution
		{20238D73-872F-40D6-8588-A048CCF481F2}.Debug|Any CPU.ActiveCfg = Debug|Any CPU
		{20238D73-872F-40D6-8588-A048CCF481F2}.Debug|Any CPU.Build.0 = Debug|Any CPU
		{20238D73-872F-40D6-8588-A048CCF481F2}.Release|Any CPU.ActiveCfg = Release|Any CPU
		{20238D73-872F-40D6-8588-A048CCF481F2}.Release|Any CPU.Build.0 = Release|Any CPU
		{AA441FFF-A105-4D9B-9E06-D299DB57899F}.Debug|Any CPU.ActiveCfg = Debug|Any CPU
		{AA441FFF-A105-4D9B-9E06-D299DB57899F}.Debug|Any CPU.Build.0 = Debug|Any CPU
		{AA441FFF-A105-4D9B-9E06-D299DB57899F}.Release|Any CPU.ActiveCfg = Release|Any CPU
		{AA441FFF-A105-4D9B-9E06-D299DB57899F}.Release|Any CPU.Build.0 = Release|Any CPU
		{2CC1D69C-9237-471B-807F-54B0DFEBD423}.Debug|Any CPU.ActiveCfg = Debug|Any CPU
		{2CC1D69C-9237-471B-807F-54B0DFEBD423}.Debug|Any CPU.Build.0 = Debug|Any CPU
		{2CC1D69C-9237-471B-807F-54B0DFEBD423}.Release|Any CPU.ActiveCfg = Release|Any CPU
		{2CC1D69C-9237-471B-807F-54B0DFEBD423}.Release|Any CPU.Build.0 = Release|Any CPU
	EndGlobalSection
	GlobalSection(SolutionProperties) = preSolution
		HideSolutionNode = FALSE
	EndGlobalSection
	GlobalSection(ExtensibilityGlobals) = postSolution
		SolutionGuid = {6F537F3E-D467-4083-A0E8-3D4BDAE3D039}
	EndGlobalSection
EndGlobal
